
Microsoft Visual Studio Solution File, Format Version 10.00
# Visual Studio 2008
Project("{FAE04EC0-301F-11D3-BF4B-00C04F79EFBC}") = "Application", "Application\Application.csproj", "{6007DFE2-E977-4183-85A7-A72D291D4A38}"
EndProject
Project("{FAE04EC0-301F-11D3-BF4B-00C04F79EFBC}") = "Domain", "Domain\Domain.csproj", "{E7FD49C2-3B63-45D0-88C1-52B4915662C2}"
EndProject
Project("{FAE04EC0-301F-11D3-BF4B-00C04F79EFBC}") = "Integration.Tests", "Integration.Tests\Integration.Tests.csproj", "{ED9D4F17-E4A8-44CA-9168-A4ECAA1F09DB}"
EndProject
Project("{FAE04EC0-301F-11D3-BF4B-00C04F79EFBC}") = "WebServiceTranslator", "WebServiceTranslator\WebServiceTranslator.csproj", "{0F195E24-AE6B-4FAF-8255-877CDBB566F7}"
EndProject
Project("{2150E333-8FDC-42A3-9474-1A3956D46DE8}") = "Domain", "Domain", "{01FC2BBD-88E1-42E8-97BD-92540DA60A00}"
EndProject
Project("{2150E333-8FDC-42A3-9474-1A3956D46DE8}") = "Integration.Tests", "Integration.Tests", "{26D729E0-7162-4E2C-9842-4DD405BDA4F3}"
EndProject
Project("{2150E333-8FDC-42A3-9474-1A3956D46DE8}") = "Application", "Application", "{F90AE3B2-4FDD-4FF8-976C-095FDCC90589}"
EndProject
Global
	GlobalSection(SolutionConfigurationPlatforms) = preSolution
		Debug|Any CPU = Debug|Any CPU
		Release|Any CPU = Release|Any CPU
	EndGlobalSection
	GlobalSection(ProjectConfigurationPlatforms) = postSolution
		{6007DFE2-E977-4183-85A7-A72D291D4A38}.Debug|Any CPU.ActiveCfg = Debug|Any CPU
		{6007DFE2-E977-4183-85A7-A72D291D4A38}.Debug|Any CPU.Build.0 = Debug|Any CPU
		{6007DFE2-E977-4183-85A7-A72D291D4A38}.Release|Any CPU.ActiveCfg = Release|Any CPU
		{6007DFE2-E977-4183-85A7-A72D291D4A38}.Release|Any CPU.Build.0 = Release|Any CPU
		{E7FD49C2-3B63-45D0-88C1-52B4915662C2}.Debug|Any CPU.ActiveCfg = Debug|Any CPU
		{E7FD49C2-3B63-45D0-88C1-52B4915662C2}.Debug|Any CPU.Build.0 = Debug|Any CPU
		{E7FD49C2-3B63-45D0-88C1-52B4915662C2}.Release|Any CPU.ActiveCfg = Release|Any CPU
		{E7FD49C2-3B63-45D0-88C1-52B4915662C2}.Release|Any CPU.Build.0 = Release|Any CPU
		{ED9D4F17-E4A8-44CA-9168-A4ECAA1F09DB}.Debug|Any CPU.ActiveCfg = Debug|Any CPU
		{ED9D4F17-E4A8-44CA-9168-A4ECAA1F09DB}.Debug|Any CPU.Build.0 = Debug|Any CPU
		{ED9D4F17-E4A8-44CA-9168-A4ECAA1F09DB}.Release|Any CPU.ActiveCfg = Release|Any CPU
		{ED9D4F17-E4A8-44CA-9168-A4ECAA1F09DB}.Release|Any CPU.Build.0 = Release|Any CPU
		{0F195E24-AE6B-4FAF-8255-877CDBB566F7}.Debug|Any CPU.ActiveCfg = Debug|Any CPU
		{0F195E24-AE6B-4FAF-8255-877CDBB566F7}.Debug|Any CPU.Build.0 = Debug|Any CPU
		{0F195E24-AE6B-4FAF-8255-877CDBB566F7}.Release|Any CPU.ActiveCfg = Release|Any CPU
		{0F195E24-AE6B-4FAF-8255-877CDBB566F7}.Release|Any CPU.Build.0 = Release|Any CPU
	EndGlobalSection
	GlobalSection(SolutionProperties) = preSolution
		HideSolutionNode = FALSE
	EndGlobalSection
	GlobalSection(NestedProjects) = preSolution
		{E7FD49C2-3B63-45D0-88C1-52B4915662C2} = {01FC2BBD-88E1-42E8-97BD-92540DA60A00}
		{0F195E24-AE6B-4FAF-8255-877CDBB566F7} = {01FC2BBD-88E1-42E8-97BD-92540DA60A00}
		{ED9D4F17-E4A8-44CA-9168-A4ECAA1F09DB} = {26D729E0-7162-4E2C-9842-4DD405BDA4F3}
		{6007DFE2-E977-4183-85A7-A72D291D4A38} = {F90AE3B2-4FDD-4FF8-976C-095FDCC90589}
	EndGlobalSection
EndGlobal
